{
  "nodes": {
    "nixpkgs": {
      "locked": {
        "lastModified": 1632919044,
        "narHash": "sha256-nsK7JAhCyoDecfVaAKthMYhMVWf6BCIZ6fwySJFxUtY=",
        "owner": "NixOS",
        "repo": "nixpkgs",
        "rev": "c34905f516e6c7e1bb817a4cda37fe8a0b305f45",
        "type": "github"
      },
      "original": {
        "owner": "NixOS",
        "repo": "nixpkgs",
        "rev": "c34905f516e6c7e1bb817a4cda37fe8a0b305f45",
        "type": "github"
      }
    },
    "root": {
      "inputs": {
        "nixpkgs": "nixpkgs"
      }
    }
  },
  "root": "root",
  "version": 7
}
