{
  "nodes": {
    "nixpkgs": {
      "locked": {
        "lastModified": 1633063510,
        "narHash": "sha256-ekuuWujCbJ0p01LD1zgkAX0qktvhFBvUCuwFlJbyCdE=",
        "owner": "NixOS",
        "repo": "nixpkgs",
        "rev": "262cc3f6d9b50ec9117deab46b1520d06fac0d43",
        "type": "github"
      },
      "original": {
        "owner": "NixOS",
        "repo": "nixpkgs",
        "type": "github"
      }
    },
    "root": {
      "inputs": {
        "nixpkgs": "nixpkgs"
      }
    }
  },
  "root": "root",
  "version": 7
}
