{
  "nodes": {
    "nixpkgs": {
      "locked": {
        "lastModified": 1636759456,
        "narHash": "sha256-N/8TZoCBj1JpLPcCDtotRaZwaTJYU6Gc4zYz04ZCwc4=",
        "owner": "gardspirito",
        "repo": "nixpkgs",
        "rev": "6574e0e859358f593a3d200694da6719eadb2544",
        "type": "github"
      },
      "original": {
        "owner": "gardspirito",
        "ref": "mx-puppet-discord",
        "repo": "nixpkgs",
        "type": "github"
      }
    },
    "root": {
      "inputs": {
        "nixpkgs": "nixpkgs"
      }
    }
  },
  "root": "root",
  "version": 7
}
